// !$*UTF8*$!
{
	archiveVersion = 1;
	classes = {
	};
	objectVersion = 50;
	objects = {

/* Begin PBXBuildFile section */
		0A005E1A232A6A4700F7EDA2 /* main.swift in Sources */ = {isa = PBXBuildFile; fileRef = 0A005E19232A6A4700F7EDA2 /* main.swift */; };
		0A005E21232A7DE100F7EDA2 /* System.swift in Sources */ = {isa = PBXBuildFile; fileRef = 0A005E20232A7DE100F7EDA2 /* System.swift */; };
		0A005E23232A7E4300F7EDA2 /* ComputerProtocol.swift in Sources */ = {isa = PBXBuildFile; fileRef = 0A005E22232A7E4300F7EDA2 /* ComputerProtocol.swift */; };
		0A005E25232A7E6200F7EDA2 /* ComputerFactory.swift in Sources */ = {isa = PBXBuildFile; fileRef = 0A005E24232A7E6200F7EDA2 /* ComputerFactory.swift */; };
		0A005E27232A7E7D00F7EDA2 /* Pc.swift in Sources */ = {isa = PBXBuildFile; fileRef = 0A005E26232A7E7D00F7EDA2 /* Pc.swift */; };
		0A005E29232A7E9700F7EDA2 /* Laptop.swift in Sources */ = {isa = PBXBuildFile; fileRef = 0A005E28232A7E9700F7EDA2 /* Laptop.swift */; };
		0A005E2B232A7EA800F7EDA2 /* Server.swift in Sources */ = {isa = PBXBuildFile; fileRef = 0A005E2A232A7EA800F7EDA2 /* Server.swift */; };
/* End PBXBuildFile section */

/* Begin PBXCopyFilesBuildPhase section */
		0A005E14232A6A4700F7EDA2 /* CopyFiles */ = {
			isa = PBXCopyFilesBuildPhase;
			buildActionMask = 2147483647;
			dstPath = /usr/share/man/man1/;
			dstSubfolderSpec = 0;
			files = (
			);
			runOnlyForDeploymentPostprocessing = 1;
		};
/* End PBXCopyFilesBuildPhase section */

/* Begin PBXFileReference section */
		0A005E16232A6A4700F7EDA2 /* 2 */ = {isa = PBXFileReference; explicitFileType = "compiled.mach-o.executable"; includeInIndex = 0; path = 2; sourceTree = BUILT_PRODUCTS_DIR; };
		0A005E19232A6A4700F7EDA2 /* main.swift */ = {isa = PBXFileReference; lastKnownFileType = sourcecode.swift; path = main.swift; sourceTree = "<group>"; };
		0A005E20232A7DE100F7EDA2 /* System.swift */ = {isa = PBXFileReference; lastKnownFileType = sourcecode.swift; path = System.swift; sourceTree = "<group>"; };
		0A005E22232A7E4300F7EDA2 /* ComputerProtocol.swift */ = {isa = PBXFileReference; lastKnownFileType = sourcecode.swift; path = ComputerProtocol.swift; sourceTree = "<group>"; };
		0A005E24232A7E6200F7EDA2 /* ComputerFactory.swift */ = {isa = PBXFileReference; lastKnownFileType = sourcecode.swift; path = ComputerFactory.swift; sourceTree = "<group>"; };
		0A005E26232A7E7D00F7EDA2 /* Pc.swift */ = {isa = PBXFileReference; lastKnownFileType = sourcecode.swift; path = Pc.swift; sourceTree = "<group>"; };
		0A005E28232A7E9700F7EDA2 /* Laptop.swift */ = {isa = PBXFileReference; lastKnownFileType = sourcecode.swift; path = Laptop.swift; sourceTree = "<group>"; };
		0A005E2A232A7EA800F7EDA2 /* Server.swift */ = {isa = PBXFileReference; lastKnownFileType = sourcecode.swift; path = Server.swift; sourceTree = "<group>"; };
/* End PBXFileReference section */

/* Begin PBXFrameworksBuildPhase section */
		0A005E13232A6A4700F7EDA2 /* Frameworks */ = {
			isa = PBXFrameworksBuildPhase;
			buildActionMask = 2147483647;
			files = (
			);
			runOnlyForDeploymentPostprocessing = 0;
		};
/* End PBXFrameworksBuildPhase section */

/* Begin PBXGroup section */
		0A005E0D232A6A4700F7EDA2 = {
			isa = PBXGroup;
			children = (
				0A005E18232A6A4700F7EDA2 /* 2 */,
				0A005E17232A6A4700F7EDA2 /* Products */,
			);
			sourceTree = "<group>";
		};
		0A005E17232A6A4700F7EDA2 /* Products */ = {
			isa = PBXGroup;
			children = (
				0A005E16232A6A4700F7EDA2 /* 2 */,
			);
			name = Products;
			sourceTree = "<group>";
		};
		0A005E18232A6A4700F7EDA2 /* 2 */ = {
			isa = PBXGroup;
			children = (
				0A005E19232A6A4700F7EDA2 /* main.swift */,
				0A005E20232A7DE100F7EDA2 /* System.swift */,
				0A005E22232A7E4300F7EDA2 /* ComputerProtocol.swift */,
				0A005E24232A7E6200F7EDA2 /* ComputerFactory.swift */,
				0A005E26232A7E7D00F7EDA2 /* Pc.swift */,
				0A005E28232A7E9700F7EDA2 /* Laptop.swift */,
				0A005E2A232A7EA800F7EDA2 /* Server.swift */,
			);
			path = 2;
			sourceTree = "<group>";
		};
/* End PBXGroup section */

/* Begin PBXNativeTarget section */
		0A005E15232A6A4700F7EDA2 /* 2 */ = {
			isa = PBXNativeTarget;
			buildConfigurationList = 0A005E1D232A6A4700F7EDA2 /* Build configuration list for PBXNativeTarget "2" */;
			buildPhases = (
				0A005E12232A6A4700F7EDA2 /* Sources */,
				0A005E13232A6A4700F7EDA2 /* Frameworks */,
				0A005E14232A6A4700F7EDA2 /* CopyFiles */,
			);
			buildRules = (
			);
			dependencies = (
			);
			name = 2;
			productName = 2;
			productReference = 0A005E16232A6A4700F7EDA2 /* 2 */;
			productType = "com.apple.product-type.tool";
		};
/* End PBXNativeTarget section */

/* Begin PBXProject section */
		0A005E0E232A6A4700F7EDA2 /* Project object */ = {
			isa = PBXProject;
			attributes = {
				LastSwiftUpdateCheck = 1030;
				LastUpgradeCheck = 1030;
				ORGANIZATIONNAME = BridgeLabz;
				TargetAttributes = {
					0A005E15232A6A4700F7EDA2 = {
						CreatedOnToolsVersion = 10.3;
					};
				};
			};
			buildConfigurationList = 0A005E11232A6A4700F7EDA2 /* Build configuration list for PBXProject "2" */;
			compatibilityVersion = "Xcode 9.3";
			developmentRegion = en;
			hasScannedForEncodings = 0;
			knownRegions = (
				en,
			);
			mainGroup = 0A005E0D232A6A4700F7EDA2;
			productRefGroup = 0A005E17232A6A4700F7EDA2 /* Products */;
			projectDirPath = "";
			projectRoot = "";
			targets = (
				0A005E15232A6A4700F7EDA2 /* 2 */,
			);
		};
/* End PBXProject section */

/* Begin PBXSourcesBuildPhase section */
		0A005E12232A6A4700F7EDA2 /* Sources */ = {
			isa = PBXSourcesBuildPhase;
			buildActionMask = 2147483647;
			files = (
				0A005E2B232A7EA800F7EDA2 /* Server.swift in Sources */,
				0A005E21232A7DE100F7EDA2 /* System.swift in Sources */,
				0A005E23232A7E4300F7EDA2 /* ComputerProtocol.swift in Sources */,
				0A005E1A232A6A4700F7EDA2 /* main.swift in Sources */,
				0A005E27232A7E7D00F7EDA2 /* Pc.swift in Sources */,
				0A005E25232A7E6200F7EDA2 /* ComputerFactory.swift in Sources */,
				0A005E29232A7E9700F7EDA2 /* Laptop.swift in Sources */,
			);
			runOnlyForDeploymentPostprocessing = 0;
		};
/* End PBXSourcesBuildPhase section */

/* Begin XCBuildConfiguration section */
		0A005E1B232A6A4700F7EDA2 /* Debug */ = {
			isa = XCBuildConfiguration;
			buildSettings = {
				ALWAYS_SEARCH_USER_PATHS = NO;
				CLANG_ANALYZER_NONNULL = YES;
				CLANG_ANALYZER_NUMBER_OBJECT_CONVERSION = YES_AGGRESSIVE;
				CLANG_CXX_LANGUAGE_STANDARD = "gnu++14";
				CLANG_CXX_LIBRARY = "libc++";
				CLANG_ENABLE_MODULES = YES;
				CLANG_ENABLE_OBJC_ARC = YES;
				CLANG_ENABLE_OBJC_WEAK = YES;
				CLANG_WARN_BLOCK_CAPTURE_AUTORELEASING = YES;
				CLANG_WARN_BOOL_CONVERSION = YES;
				CLANG_WARN_COMMA = YES;
				CLANG_WARN_CONSTANT_CONVERSION = YES;
				CLANG_WARN_DEPRECATED_OBJC_IMPLEMENTATIONS = YES;
				CLANG_WARN_DIRECT_OBJC_ISA_USAGE = YES_ERROR;
				CLANG_WARN_DOCUMENTATION_COMMENTS = YES;
				CLANG_WARN_EMPTY_BODY = YES;
				CLANG_WARN_ENUM_CONVERSION = YES;
				CLANG_WARN_INFINITE_RECURSION = YES;
				CLANG_WARN_INT_CONVERSION = YES;
				CLANG_WARN_NON_LITERAL_NULL_CONVERSION = YES;
				CLANG_WARN_OBJC_IMPLICIT_RETAIN_SELF = YES;
				CLANG_WARN_OBJC_LITERAL_CONVERSION = YES;
				CLANG_WARN_OBJC_ROOT_CLASS = YES_ERROR;
				CLANG_WARN_RANGE_LOOP_ANALYSIS = YES;
				CLANG_WARN_STRICT_PROTOTYPES = YES;
				CLANG_WARN_SUSPICIOUS_MOVE = YES;
				CLANG_WARN_UNGUARDED_AVAILABILITY = YES_AGGRESSIVE;
				CLANG_WARN_UNREACHABLE_CODE = YES;
				CLANG_WARN__DUPLICATE_METHOD_MATCH = YES;
				CODE_SIGN_IDENTITY = "-";
				COPY_PHASE_STRIP = NO;
				DEBUG_INFORMATION_FORMAT = dwarf;
				ENABLE_STRICT_OBJC_MSGSEND = YES;
				ENABLE_TESTABILITY = YES;
				GCC_C_LANGUAGE_STANDARD = gnu11;
				GCC_DYNAMIC_NO_PIC = NO;
				GCC_NO_COMMON_BLOCKS = YES;
				GCC_OPTIMIZATION_LEVEL = 0;
				GCC_PREPROCESSOR_DEFINITIONS = (
					"DEBUG=1",
					"$(inherited)",
				);
				GCC_WARN_64_TO_32_BIT_CONVERSION = YES;
				GCC_WARN_ABOUT_RETURN_TYPE = YES_ERROR;
				GCC_WARN_UNDECLARED_SELECTOR = YES;
				GCC_WARN_UNINITIALIZED_AUTOS = YES_AGGRESSIVE;
				GCC_WARN_UNUSED_FUNCTION = YES;
				GCC_WARN_UNUSED_VARIABLE = YES;
				MACOSX_DEPLOYMENT_TARGET = 10.14;
				MTL_ENABLE_DEBUG_INFO = INCLUDE_SOURCE;
				MTL_FAST_MATH = YES;
				ONLY_ACTIVE_ARCH = YES;
				SDKROOT = macosx;
				SWIFT_ACTIVE_COMPILATION_CONDITIONS = DEBUG;
				SWIFT_OPTIMIZATION_LEVEL = "-Onone";
			};
			name = Debug;
		};
		0A005E1C232A6A4700F7EDA2 /* Release */ = {
			isa = XCBuildConfiguration;
			buildSettings = {
				ALWAYS_SEARCH_USER_PATHS = NO;
				CLANG_ANALYZER_NONNULL = YES;
				CLANG_ANALYZER_NUMBER_OBJECT_CONVERSION = YES_AGGRESSIVE;
				CLANG_CXX_LANGUAGE_STANDARD = "gnu++14";
				CLANG_CXX_LIBRARY = "libc++";
				CLANG_ENABLE_MODULES = YES;
				CLANG_ENABLE_OBJC_ARC = YES;
				CLANG_ENABLE_OBJC_WEAK = YES;
				CLANG_WARN_BLOCK_CAPTURE_AUTORELEASING = YES;
				CLANG_WARN_BOOL_CONVERSION = YES;
				CLANG_WARN_COMMA = YES;
				CLANG_WARN_CONSTANT_CONVERSION = YES;
				CLANG_WARN_DEPRECATED_OBJC_IMPLEMENTATIONS = YES;
				CLANG_WARN_DIRECT_OBJC_ISA_USAGE = YES_ERROR;
				CLANG_WARN_DOCUMENTATION_COMMENTS = YES;
				CLANG_WARN_EMPTY_BODY = YES;
				CLANG_WARN_ENUM_CONVERSION = YES;
				CLANG_WARN_INFINITE_RECURSION = YES;
				CLANG_WARN_INT_CONVERSION = YES;
				CLANG_WARN_NON_LITERAL_NULL_CONVERSION = YES;
				CLANG_WARN_OBJC_IMPLICIT_RETAIN_SELF = YES;
				CLANG_WARN_OBJC_LITERAL_CONVERSION = YES;
				CLANG_WARN_OBJC_ROOT_CLASS = YES_ERROR;
				CLANG_WARN_RANGE_LOOP_ANALYSIS = YES;
				CLANG_WARN_STRICT_PROTOTYPES = YES;
				CLANG_WARN_SUSPICIOUS_MOVE = YES;
				CLANG_WARN_UNGUARDED_AVAILABILITY = YES_AGGRESSIVE;
				CLANG_WARN_UNREACHABLE_CODE = YES;
				CLANG_WARN__DUPLICATE_METHOD_MATCH = YES;
				CODE_SIGN_IDENTITY = "-";
				COPY_PHASE_STRIP = NO;
				DEBUG_INFORMATION_FORMAT = "dwarf-with-dsym";
				ENABLE_NS_ASSERTIONS = NO;
				ENABLE_STRICT_OBJC_MSGSEND = YES;
				GCC_C_LANGUAGE_STANDARD = gnu11;
				GCC_NO_COMMON_BLOCKS = YES;
				GCC_WARN_64_TO_32_BIT_CONVERSION = YES;
				GCC_WARN_ABOUT_RETURN_TYPE = YES_ERROR;
				GCC_WARN_UNDECLARED_SELECTOR = YES;
				GCC_WARN_UNINITIALIZED_AUTOS = YES_AGGRESSIVE;
				GCC_WARN_UNUSED_FUNCTION = YES;
				GCC_WARN_UNUSED_VARIABLE = YES;
				MACOSX_DEPLOYMENT_TARGET = 10.14;
				MTL_ENABLE_DEBUG_INFO = NO;
				MTL_FAST_MATH = YES;
				SDKROOT = macosx;
				SWIFT_COMPILATION_MODE = wholemodule;
				SWIFT_OPTIMIZATION_LEVEL = "-O";
			};
			name = Release;
		};
		0A005E1E232A6A4700F7EDA2 /* Debug */ = {
			isa = XCBuildConfiguration;
			buildSettings = {
				CODE_SIGN_STYLE = Automatic;
				PRODUCT_NAME = "$(TARGET_NAME)";
				SWIFT_VERSION = 5.0;
			};
			name = Debug;
		};
		0A005E1F232A6A4700F7EDA2 /* Release */ = {
			isa = XCBuildConfiguration;
			buildSettings = {
				CODE_SIGN_STYLE = Automatic;
				PRODUCT_NAME = "$(TARGET_NAME)";
				SWIFT_VERSION = 5.0;
			};
			name = Release;
		};
/* End XCBuildConfiguration section */

/* Begin XCConfigurationList section */
		0A005E11232A6A4700F7EDA2 /* Build configuration list for PBXProject "2" */ = {
			isa = XCConfigurationList;
			buildConfigurations = (
				0A005E1B232A6A4700F7EDA2 /* Debug */,
				0A005E1C232A6A4700F7EDA2 /* Release */,
			);
			defaultConfigurationIsVisible = 0;
			defaultConfigurationName = Release;
		};
		0A005E1D232A6A4700F7EDA2 /* Build configuration list for PBXNativeTarget "2" */ = {
			isa = XCConfigurationList;
			buildConfigurations = (
				0A005E1E232A6A4700F7EDA2 /* Debug */,
				0A005E1F232A6A4700F7EDA2 /* Release */,
			);
			defaultConfigurationIsVisible = 0;
			defaultConfigurationName = Release;
		};
/* End XCConfigurationList section */
	};
	rootObject = 0A005E0E232A6A4700F7EDA2 /* Project object */;
}
